
Microsoft Visual Studio Solution File, Format Version 12.00
# Visual Studio 15
VisualStudioVersion = 15.0.27428.2015
MinimumVisualStudioVersion = 10.0.40219.1
Project("{9A19103F-16F7-4668-BE54-9A1E7A4F7556}") = "Nt.Helpers.AspNetCore", "Nt.Helpers.AspNetCore\Nt.Helpers.AspNetCore.csproj", "{6587E41D-BB63-41C8-BBC9-F0A3D1EC002D}"
EndProject
Global
	GlobalSection(SolutionConfigurationPlatforms) = preSolution
		Debug|Any CPU = Debug|Any CPU
		Release|Any CPU = Release|Any CPU
	EndGlobalSection
	GlobalSection(ProjectConfigurationPlatforms) = postSolution
		{6587E41D-BB63-41C8-BBC9-F0A3D1EC002D}.Debug|Any CPU.ActiveCfg = Debug|Any CPU
		{6587E41D-BB63-41C8-BBC9-F0A3D1EC002D}.Debug|Any CPU.Build.0 = Debug|Any CPU
		{6587E41D-BB63-41C8-BBC9-F0A3D1EC002D}.Release|Any CPU.ActiveCfg = Release|Any CPU
		{6587E41D-BB63-41C8-BBC9-F0A3D1EC002D}.Release|Any CPU.Build.0 = Release|Any CPU
	EndGlobalSection
	GlobalSection(SolutionProperties) = preSolution
		HideSolutionNode = FALSE
	EndGlobalSection
	GlobalSection(ExtensibilityGlobals) = postSolution
		SolutionGuid = {70DF16D6-9E19-4566-8A84-9570B82A144B}
	EndGlobalSection
EndGlobal
